
Microsoft Visual Studio Solution File, Format Version 10.00
# Visual Studio 2008
Project("{2150E333-8FDC-42A3-9474-1A3956D46DE8}") = "Solution Items", "Solution Items", "{FD86E471-C8D5-442B-AED8-79784D617949}"
	ProjectSection(SolutionItems) = preProject
		LocalTestRun.testrunconfig = LocalTestRun.testrunconfig
		TimeTracker.vsmdi = TimeTracker.vsmdi
	EndProjectSection
EndProject
Project("{2150E333-8FDC-42A3-9474-1A3956D46DE8}") = "Deploy", "Deploy", "{3E10DFA9-A910-4559-B301-A90E08BA693E}"
EndProject
Project("{FAE04EC0-301F-11D3-BF4B-00C04F79EFBC}") = "TimeTracker.Services.Contracts", "TimeTracker.Services.Contracts\TimeTracker.Services.Contracts.csproj", "{ECDA10AA-A1D2-42F9-BE9E-C4FFA7A957D3}"
EndProject
Project("{FAE04EC0-301F-11D3-BF4B-00C04F79EFBC}") = "TimeTracker.Services", "TimeTracker.Services\TimeTracker.Services.csproj", "{DC83C182-9221-4FDA-BF0B-9F6623C53CF9}"
EndProject
Project("{FAE04EC0-301F-11D3-BF4B-00C04F79EFBC}") = "TimeTracker", "TimeTracker\TimeTracker.csproj", "{DD86A0D6-E51E-494E-AA04-98521A7DD2D6}"
EndProject
Project("{B900F1C2-3D47-4FEC-85B3-04AAF18C3634}") = "TimeTrackerSetup", "TimeTrackerSetup\TimeTrackerSetup.vddproj", "{F3F50610-B480-456F-B70F-05328E18D62A}"
EndProject
Global
	GlobalSection(SolutionConfigurationPlatforms) = preSolution
		Debug|Any CPU = Debug|Any CPU
		Release|Any CPU = Release|Any CPU
	EndGlobalSection
	GlobalSection(ProjectConfigurationPlatforms) = postSolution
		{ECDA10AA-A1D2-42F9-BE9E-C4FFA7A957D3}.Debug|Any CPU.ActiveCfg = Debug|Any CPU
		{ECDA10AA-A1D2-42F9-BE9E-C4FFA7A957D3}.Debug|Any CPU.Build.0 = Debug|Any CPU
		{ECDA10AA-A1D2-42F9-BE9E-C4FFA7A957D3}.Release|Any CPU.ActiveCfg = Release|Any CPU
		{ECDA10AA-A1D2-42F9-BE9E-C4FFA7A957D3}.Release|Any CPU.Build.0 = Release|Any CPU
		{DC83C182-9221-4FDA-BF0B-9F6623C53CF9}.Debug|Any CPU.ActiveCfg = Debug|Any CPU
		{DC83C182-9221-4FDA-BF0B-9F6623C53CF9}.Debug|Any CPU.Build.0 = Debug|Any CPU
		{DC83C182-9221-4FDA-BF0B-9F6623C53CF9}.Release|Any CPU.ActiveCfg = Release|Any CPU
		{DC83C182-9221-4FDA-BF0B-9F6623C53CF9}.Release|Any CPU.Build.0 = Release|Any CPU
		{DD86A0D6-E51E-494E-AA04-98521A7DD2D6}.Debug|Any CPU.ActiveCfg = Debug|Any CPU
		{DD86A0D6-E51E-494E-AA04-98521A7DD2D6}.Debug|Any CPU.Build.0 = Debug|Any CPU
		{DD86A0D6-E51E-494E-AA04-98521A7DD2D6}.Debug|Any CPU.Deploy.0 = Debug|Any CPU
		{DD86A0D6-E51E-494E-AA04-98521A7DD2D6}.Release|Any CPU.ActiveCfg = Release|Any CPU
		{DD86A0D6-E51E-494E-AA04-98521A7DD2D6}.Release|Any CPU.Build.0 = Release|Any CPU
		{DD86A0D6-E51E-494E-AA04-98521A7DD2D6}.Release|Any CPU.Deploy.0 = Release|Any CPU
		{F3F50610-B480-456F-B70F-05328E18D62A}.Debug|Any CPU.ActiveCfg = Debug
		{F3F50610-B480-456F-B70F-05328E18D62A}.Debug|Any CPU.Build.0 = Debug
		{F3F50610-B480-456F-B70F-05328E18D62A}.Release|Any CPU.ActiveCfg = Release
		{F3F50610-B480-456F-B70F-05328E18D62A}.Release|Any CPU.Build.0 = Release
	EndGlobalSection
	GlobalSection(SolutionProperties) = preSolution
		HideSolutionNode = FALSE
	EndGlobalSection
	GlobalSection(NestedProjects) = preSolution
		{F3F50610-B480-456F-B70F-05328E18D62A} = {3E10DFA9-A910-4559-B301-A90E08BA693E}
	EndGlobalSection
EndGlobal
